
Microsoft Visual Studio Solution File, Format Version 12.00
Project("{F2A71F9B-5D33-465A-A702-920D77279786}") = "playground", "playground\playground.fsproj", "{57D584A8-841D-48CA-9B08-B1DA12E068B4}"
EndProject
Project("{F2A71F9B-5D33-465A-A702-920D77279786}") = "MongoInt", "MongoInt\MongoInt.fsproj", "{CCB02C45-F618-47DD-B523-B489089B8D48}"
EndProject
Global
	GlobalSection(SolutionConfigurationPlatforms) = preSolution
		Debug|Any CPU = Debug|Any CPU
		Release|Any CPU = Release|Any CPU
	EndGlobalSection
	GlobalSection(ProjectConfigurationPlatforms) = postSolution
		{57D584A8-841D-48CA-9B08-B1DA12E068B4}.Debug|Any CPU.ActiveCfg = Debug|Any CPU
		{57D584A8-841D-48CA-9B08-B1DA12E068B4}.Debug|Any CPU.Build.0 = Debug|Any CPU
		{57D584A8-841D-48CA-9B08-B1DA12E068B4}.Release|Any CPU.ActiveCfg = Release|Any CPU
		{57D584A8-841D-48CA-9B08-B1DA12E068B4}.Release|Any CPU.Build.0 = Release|Any CPU
		{CCB02C45-F618-47DD-B523-B489089B8D48}.Debug|Any CPU.ActiveCfg = Debug|Any CPU
		{CCB02C45-F618-47DD-B523-B489089B8D48}.Debug|Any CPU.Build.0 = Debug|Any CPU
		{CCB02C45-F618-47DD-B523-B489089B8D48}.Release|Any CPU.ActiveCfg = Release|Any CPU
		{CCB02C45-F618-47DD-B523-B489089B8D48}.Release|Any CPU.Build.0 = Release|Any CPU
	EndGlobalSection
EndGlobal
